
Microsoft Visual Studio Solution File, Format Version 11.00
# Visual Studio 2010
Project("{FAE04EC0-301F-11D3-BF4B-00C04F79EFBC}") = "Exemplo", "Exemplo\Exemplo.csproj", "{3E6F3D07-6C3E-47CA-9970-4D5DEEF4496C}"
EndProject
Global
	GlobalSection(SolutionConfigurationPlatforms) = preSolution
		Debug|Any CPU = Debug|Any CPU
		Release|Any CPU = Release|Any CPU
	EndGlobalSection
	GlobalSection(ProjectConfigurationPlatforms) = postSolution
		{3E6F3D07-6C3E-47CA-9970-4D5DEEF4496C}.Debug|Any CPU.ActiveCfg = Debug|Any CPU
		{3E6F3D07-6C3E-47CA-9970-4D5DEEF4496C}.Debug|Any CPU.Build.0 = Debug|Any CPU
		{3E6F3D07-6C3E-47CA-9970-4D5DEEF4496C}.Release|Any CPU.ActiveCfg = Release|Any CPU
		{3E6F3D07-6C3E-47CA-9970-4D5DEEF4496C}.Release|Any CPU.Build.0 = Release|Any CPU
	EndGlobalSection
	GlobalSection(SolutionProperties) = preSolution
		HideSolutionNode = FALSE
	EndGlobalSection
EndGlobal
